
Microsoft Visual Studio Solution File, Format Version 12.00
# Visual Studio Version 17
VisualStudioVersion = 17.7.34302.85
MinimumVisualStudioVersion = 10.0.40219.1
Project("{FAE04EC0-301F-11D3-BF4B-00C04F79EFBC}") = "whois", "whois.csproj", "{663EAAFC-3108-46E9-9455-6137259C55FC}"
EndProject
Global
	GlobalSection(SolutionConfigurationPlatforms) = preSolution
		Debug|Any CPU = Debug|Any CPU
		Release|Any CPU = Release|Any CPU
	EndGlobalSection
	GlobalSection(ProjectConfigurationPlatforms) = postSolution
		{663EAAFC-3108-46E9-9455-6137259C55FC}.Debug|Any CPU.ActiveCfg = Debug|Any CPU
		{663EAAFC-3108-46E9-9455-6137259C55FC}.Debug|Any CPU.Build.0 = Debug|Any CPU
		{663EAAFC-3108-46E9-9455-6137259C55FC}.Release|Any CPU.ActiveCfg = Release|Any CPU
		{663EAAFC-3108-46E9-9455-6137259C55FC}.Release|Any CPU.Build.0 = Release|Any CPU
	EndGlobalSection
	GlobalSection(SolutionProperties) = preSolution
		HideSolutionNode = FALSE
	EndGlobalSection
	GlobalSection(ExtensibilityGlobals) = postSolution
		SolutionGuid = {CE76B5DC-3AD6-4478-A4A0-4886F73499D4}
	EndGlobalSection
EndGlobal
